{
  "nodes": {
    "nixpkgs": {
      "locked": {
        "lastModified": 1784007870,
        "narHash": "sha256-djcLt/JJphyNt4eDY9XTly+/WbCK5lqWq9lSgCmJkkQ=",
        "owner": "NixOS",
        "repo": "nixpkgs",
        "rev": "18b9261cb3294b6d2a06d03f96872827b8fe2698",
        "type": "github"
      },
      "original": {
        "owner": "NixOS",
        "ref": "nixos-unstable",
        "repo": "nixpkgs",
        "type": "github"
      }
    },
    "root": {
      "inputs": {
        "nixpkgs": "nixpkgs",
        "vortex-src": "vortex-src"
      }
    },
    "vortex-src": {
      "flake": false,
      "locked": {
        "lastModified": 1785400005,
        "narHash": "sha256-cJky09O/dGcj3DEsPLSo3Zfrg1OZDO98SzPzlq++z58=",
        "owner": "Nexus-Mods",
        "repo": "Vortex",
        "rev": "147b45664a2c840af160a2dbdb4e4796a9982974",
        "type": "github"
      },
      "original": {
        "owner": "Nexus-Mods",
        "ref": "v2.4.2",
        "repo": "Vortex",
        "type": "github"
      }
    }
  },
  "root": "root",
  "version": 7
}
