{
  "nodes": {
    "nixpkgs": {
      "locked": {
        "lastModified": 1784007870,
        "narHash": "sha256-djcLt/JJphyNt4eDY9XTly+/WbCK5lqWq9lSgCmJkkQ=",
        "owner": "NixOS",
        "repo": "nixpkgs",
        "rev": "18b9261cb3294b6d2a06d03f96872827b8fe2698",
        "type": "github"
      },
      "original": {
        "owner": "NixOS",
        "ref": "nixos-unstable",
        "repo": "nixpkgs",
        "type": "github"
      }
    },
    "root": {
      "inputs": {
        "nixpkgs": "nixpkgs",
        "vortex-src": "vortex-src"
      }
    },
    "vortex-src": {
      "flake": false,
      "locked": {
        "lastModified": 1785148555,
        "narHash": "sha256-d27HT1w5NlQ4eS5OcotlNmimGbhDV3kCz34J/qHxUD8=",
        "owner": "Nexus-Mods",
        "repo": "Vortex",
        "rev": "1b987b71c08e965018c8d41a6b3b38c8fb0e0d2b",
        "type": "github"
      },
      "original": {
        "owner": "Nexus-Mods",
        "ref": "v2.4.0",
        "repo": "Vortex",
        "type": "github"
      }
    }
  },
  "root": "root",
  "version": 7
}
