{
  "nodes": {
    "nixpkgs": {
      "locked": {
        "lastModified": 1784007870,
        "narHash": "sha256-djcLt/JJphyNt4eDY9XTly+/WbCK5lqWq9lSgCmJkkQ=",
        "owner": "NixOS",
        "repo": "nixpkgs",
        "rev": "18b9261cb3294b6d2a06d03f96872827b8fe2698",
        "type": "github"
      },
      "original": {
        "owner": "NixOS",
        "ref": "nixos-unstable",
        "repo": "nixpkgs",
        "type": "github"
      }
    },
    "root": {
      "inputs": {
        "nixpkgs": "nixpkgs",
        "vortex-src": "vortex-src"
      }
    },
    "vortex-src": {
      "flake": false,
      "locked": {
        "lastModified": 1789995143,
        "narHash": "sha256-FSSjDxWZT+l24td+XcuWAsjW6ji+MaaJxv/OkDRjXBk=",
        "owner": "Nexus-Mods",
        "repo": "Vortex",
        "rev": "ee7736c70267496526fde227876ac524cc30ef6b",
        "type": "github"
      },
      "original": {
        "owner": "Nexus-Mods",
        "ref": "v2.7.0",
        "repo": "Vortex",
        "type": "github"
      }
    }
  },
  "root": "root",
  "version": 7
}
